
Microsoft Visual Studio Solution File, Format Version 12.00
# Visual Studio Version 16
VisualStudioVersion = 16.0.31129.286
MinimumVisualStudioVersion = 10.0.40219.1
Project("{FAE04EC0-301F-11D3-BF4B-00C04F79EFBC}") = "MKMLab", "MKMLab\MKMLab.csproj", "{D4C4CDCA-9AB5-426D-AFF3-EBFD5CE99405}"
EndProject
Global
	GlobalSection(SolutionConfigurationPlatforms) = preSolution
		Debug|Any CPU = Debug|Any CPU
		Release|Any CPU = Release|Any CPU
	EndGlobalSection
	GlobalSection(ProjectConfigurationPlatforms) = postSolution
		{D4C4CDCA-9AB5-426D-AFF3-EBFD5CE99405}.Debug|Any CPU.ActiveCfg = Debug|Any CPU
		{D4C4CDCA-9AB5-426D-AFF3-EBFD5CE99405}.Debug|Any CPU.Build.0 = Debug|Any CPU
		{D4C4CDCA-9AB5-426D-AFF3-EBFD5CE99405}.Release|Any CPU.ActiveCfg = Release|Any CPU
		{D4C4CDCA-9AB5-426D-AFF3-EBFD5CE99405}.Release|Any CPU.Build.0 = Release|Any CPU
	EndGlobalSection
	GlobalSection(SolutionProperties) = preSolution
		HideSolutionNode = FALSE
	EndGlobalSection
	GlobalSection(ExtensibilityGlobals) = postSolution
		SolutionGuid = {2AAFCC5F-BDA2-4ED7-97B4-1BAAF7D530FF}
	EndGlobalSection
EndGlobal
